{
  "name": "ip",
  "lockfileVersion": 3,
  "requires": true,
  "packages": {
    "": {
      "dependencies": {
        "arc-sovereign-genesis": "file:../.."
      }
    },
    "../..": {
      "name": "arc-sovereign-genesis",
      "workspaces": [
        "web-projects/*"
      ],
      "dependencies": {
        "ssh2-sftp-client": "^12.0.0",
        "vitepress": "^1.6.3"
      }
    },
    "node_modules/arc-sovereign-genesis": {
      "resolved": "../..",
      "link": true
    }
  }
}
